
Microsoft Visual Studio Solution File, Format Version 12.00
# Visual Studio Version 17
VisualStudioVersion = 17.14.36301.6 d17.14
MinimumVisualStudioVersion = 10.0.40219.1
Project("{FAE04EC0-301F-11D3-BF4B-00C04F79EFBC}") = "EmployeeCustomProperties.API", "EmployeeCustomProperties.API\EmployeeCustomProperties.API.csproj", "{C31C1C0C-EEB8-4081-80C1-2DC1B76C85DF}"
EndProject
Project("{FAE04EC0-301F-11D3-BF4B-00C04F79EFBC}") = "EmployeeCustomProperties.Domain", "EmployeeCustomProperties.Domain\EmployeeCustomProperties.Domain.csproj", "{6345BD44-3C3A-49DE-BD1B-A21F87C749C4}"
EndProject
Project("{FAE04EC0-301F-11D3-BF4B-00C04F79EFBC}") = "EmployeeCustomProperties.Repository", "EmployeeCustomProperties.Repository\EmployeeCustomProperties.Repository.csproj", "{43D4B05C-186D-434C-9C68-3D36B1CF6A81}"
EndProject
Project("{FAE04EC0-301F-11D3-BF4B-00C04F79EFBC}") = "EmployeeCustomProperties.Services", "EmployeeCustomProperties.Services\EmployeeCustomProperties.Services.csproj", "{AC1062F1-1B48-4486-86D0-C6189393F580}"
EndProject
Project("{FAE04EC0-301F-11D3-BF4B-00C04F79EFBC}") = "EmployeeCustomProperties.Shared", "EmployeeCustomProperties.Shared\EmployeeCustomProperties.Shared.csproj", "{16240929-19E8-4CC2-A3FF-11260A641F86}"
EndProject
Global
	GlobalSection(SolutionConfigurationPlatforms) = preSolution
		Debug|Any CPU = Debug|Any CPU
		Release|Any CPU = Release|Any CPU
	EndGlobalSection
	GlobalSection(ProjectConfigurationPlatforms) = postSolution
		{C31C1C0C-EEB8-4081-80C1-2DC1B76C85DF}.Debug|Any CPU.ActiveCfg = Debug|Any CPU
		{C31C1C0C-EEB8-4081-80C1-2DC1B76C85DF}.Debug|Any CPU.Build.0 = Debug|Any CPU
		{C31C1C0C-EEB8-4081-80C1-2DC1B76C85DF}.Release|Any CPU.ActiveCfg = Release|Any CPU
		{C31C1C0C-EEB8-4081-80C1-2DC1B76C85DF}.Release|Any CPU.Build.0 = Release|Any CPU
		{6345BD44-3C3A-49DE-BD1B-A21F87C749C4}.Debug|Any CPU.ActiveCfg = Debug|Any CPU
		{6345BD44-3C3A-49DE-BD1B-A21F87C749C4}.Debug|Any CPU.Build.0 = Debug|Any CPU
		{6345BD44-3C3A-49DE-BD1B-A21F87C749C4}.Release|Any CPU.ActiveCfg = Release|Any CPU
		{6345BD44-3C3A-49DE-BD1B-A21F87C749C4}.Release|Any CPU.Build.0 = Release|Any CPU
		{43D4B05C-186D-434C-9C68-3D36B1CF6A81}.Debug|Any CPU.ActiveCfg = Debug|Any CPU
		{43D4B05C-186D-434C-9C68-3D36B1CF6A81}.Debug|Any CPU.Build.0 = Debug|Any CPU
		{43D4B05C-186D-434C-9C68-3D36B1CF6A81}.Release|Any CPU.ActiveCfg = Release|Any CPU
		{43D4B05C-186D-434C-9C68-3D36B1CF6A81}.Release|Any CPU.Build.0 = Release|Any CPU
		{AC1062F1-1B48-4486-86D0-C6189393F580}.Debug|Any CPU.ActiveCfg = Debug|Any CPU
		{AC1062F1-1B48-4486-86D0-C6189393F580}.Debug|Any CPU.Build.0 = Debug|Any CPU
		{AC1062F1-1B48-4486-86D0-C6189393F580}.Release|Any CPU.ActiveCfg = Release|Any CPU
		{AC1062F1-1B48-4486-86D0-C6189393F580}.Release|Any CPU.Build.0 = Release|Any CPU
		{16240929-19E8-4CC2-A3FF-11260A641F86}.Debug|Any CPU.ActiveCfg = Debug|Any CPU
		{16240929-19E8-4CC2-A3FF-11260A641F86}.Debug|Any CPU.Build.0 = Debug|Any CPU
		{16240929-19E8-4CC2-A3FF-11260A641F86}.Release|Any CPU.ActiveCfg = Release|Any CPU
		{16240929-19E8-4CC2-A3FF-11260A641F86}.Release|Any CPU.Build.0 = Release|Any CPU
	EndGlobalSection
	GlobalSection(SolutionProperties) = preSolution
		HideSolutionNode = FALSE
	EndGlobalSection
	GlobalSection(ExtensibilityGlobals) = postSolution
		SolutionGuid = {3905F7D4-6DE2-48C2-9708-FFD17028C806}
	EndGlobalSection
EndGlobal
